
Microsoft Visual Studio Solution File, Format Version 12.00
# Visual Studio Version 17
VisualStudioVersion = 17.9.34723.18
MinimumVisualStudioVersion = 10.0.40219.1
Project("{FAE04EC0-301F-11D3-BF4B-00C04F79EFBC}") = "4_torus", "4_torus\4_torus.csproj", "{64341285-04E6-465D-8554-F7078FD17EB0}"
EndProject
Global
	GlobalSection(SolutionConfigurationPlatforms) = preSolution
		Debug|Any CPU = Debug|Any CPU
		Release|Any CPU = Release|Any CPU
	EndGlobalSection
	GlobalSection(ProjectConfigurationPlatforms) = postSolution
		{64341285-04E6-465D-8554-F7078FD17EB0}.Debug|Any CPU.ActiveCfg = Debug|Any CPU
		{64341285-04E6-465D-8554-F7078FD17EB0}.Debug|Any CPU.Build.0 = Debug|Any CPU
		{64341285-04E6-465D-8554-F7078FD17EB0}.Release|Any CPU.ActiveCfg = Release|Any CPU
		{64341285-04E6-465D-8554-F7078FD17EB0}.Release|Any CPU.Build.0 = Release|Any CPU
	EndGlobalSection
	GlobalSection(SolutionProperties) = preSolution
		HideSolutionNode = FALSE
	EndGlobalSection
	GlobalSection(ExtensibilityGlobals) = postSolution
		SolutionGuid = {8792018E-A74E-4B64-ADD0-9ECCA3C483D9}
	EndGlobalSection
EndGlobal
